
Microsoft Visual Studio Solution File, Format Version 12.00
# Visual Studio Version 16
VisualStudioVersion = 16.0.810.23
MinimumVisualStudioVersion = 10.0.40219.1
Project("{FAE04EC0-301F-11D3-BF4B-00C04F79EFBC}") = "Menu_pal_camel", "Menu_pal_camel\Menu_pal_camel.csproj", "{9D1F4C7F-0D94-4E6A-8C5A-C445F6EACFA6}"
EndProject
Global
	GlobalSection(SolutionConfigurationPlatforms) = preSolution
		Debug|anycpu = Debug|anycpu
		Release|anycpu = Release|anycpu
	EndGlobalSection
	GlobalSection(ProjectConfigurationPlatforms) = postSolution
		{9D1F4C7F-0D94-4E6A-8C5A-C445F6EACFA6}.Debug|anycpu.ActiveCfg = Debug|anycpu
		{9D1F4C7F-0D94-4E6A-8C5A-C445F6EACFA6}.Debug|anycpu.Build.0 = Debug|anycpu
		{9D1F4C7F-0D94-4E6A-8C5A-C445F6EACFA6}.Release|anycpu.ActiveCfg = Release|anycpu
		{9D1F4C7F-0D94-4E6A-8C5A-C445F6EACFA6}.Release|anycpu.Build.0 = Release|anycpu
	EndGlobalSection
	GlobalSection(SolutionProperties) = preSolution
		HideSolutionNode = FALSE
	EndGlobalSection
	GlobalSection(ExtensibilityGlobals) = postSolution
		SolutionGuid = {0928BBF3-E469-497C-BDFF-25C80CE437A3}
	EndGlobalSection
EndGlobal
